github.com/andybalholm/brotli v1.0.3 h1:fpcw+r1N1h0Poc1F/pHbW40cUm/lMEQslZtCkBQ0UnM=
github.com/andybalholm/brotli v1.0.3/go.mod h1:fO7iG3H7G2nSZ7m0zPUDn85XEX2GTukHGRSepvi9Eig=
github.com/gorilla/websocket v1.4.2 h1:+/TMaTYc4QFitKJxsQ7Yye35DkWvkdLcvGKqM+x0Ufc=
github.com/gorilla/websocket v1.4.2/go.mod h1:YR8l580nyteQvAITg2hZ9XVh4b55+EU/adAjf1fMHhE=
